// !$*UTF8*$!
{
	archiveVersion = 1;
	classes = {
	};
	objectVersion = 46;
	objects = {

/* Begin PBXBuildFile section */
		22142E2B1D5E096E00EE2C40 /* main.m in Sources */ = {isa = PBXBuildFile; fileRef = 22142E2A1D5E096E00EE2C40 /* main.m */; };
		22142E2E1D5E096E00EE2C40 /* AppDelegate.m in Sources */ = {isa = PBXBuildFile; fileRef = 22142E2D1D5E096E00EE2C40 /* AppDelegate.m */; };
		22142E311D5E096E00EE2C40 /* ViewController.m in Sources */ = {isa = PBXBuildFile; fileRef = 22142E301D5E096E00EE2C40 /* ViewController.m */; };
		22142E341D5E096E00EE2C40 /* Main.storyboard in Resources */ = {isa = PBXBuildFile; fileRef = 22142E321D5E096E00EE2C40 /* Main.storyboard */; };
		22142E361D5E096E00EE2C40 /* Assets.xcassets in Resources */ = {isa = PBXBuildFile; fileRef = 22142E351D5E096E00EE2C40 /* Assets.xcassets */; };
		22142E391D5E096E00EE2C40 /* LaunchScreen.storyboard in Resources */ = {isa = PBXBuildFile; fileRef = 22142E371D5E096E00EE2C40 /* LaunchScreen.storyboard */; };
		22142E441D5E096E00EE2C40 /* PPNetworkHelperTests.m in Sources */ = {isa = PBXBuildFile; fileRef = 22142E431D5E096E00EE2C40 /* PPNetworkHelperTests.m */; };
		224086541D7074EA007E4E15 /* AFHTTPSessionManager.m in Sources */ = {isa = PBXBuildFile; fileRef = 224086311D7074EA007E4E15 /* AFHTTPSessionManager.m */; };
		224086551D7074EA007E4E15 /* AFNetworkReachabilityManager.m in Sources */ = {isa = PBXBuildFile; fileRef = 224086341D7074EA007E4E15 /* AFNetworkReachabilityManager.m */; };
		224086561D7074EA007E4E15 /* AFSecurityPolicy.m in Sources */ = {isa = PBXBuildFile; fileRef = 224086361D7074EA007E4E15 /* AFSecurityPolicy.m */; };
		224086571D7074EA007E4E15 /* AFURLRequestSerialization.m in Sources */ = {isa = PBXBuildFile; fileRef = 224086381D7074EA007E4E15 /* AFURLRequestSerialization.m */; };
		224086581D7074EA007E4E15 /* AFURLResponseSerialization.m in Sources */ = {isa = PBXBuildFile; fileRef = 2240863A1D7074EA007E4E15 /* AFURLResponseSerialization.m */; };
		224086591D7074EA007E4E15 /* AFURLSessionManager.m in Sources */ = {isa = PBXBuildFile; fileRef = 2240863C1D7074EA007E4E15 /* AFURLSessionManager.m */; };
		2240865A1D7074EA007E4E15 /* LICENSE in Resources */ = {isa = PBXBuildFile; fileRef = 2240863D1D7074EA007E4E15 /* LICENSE */; };
		2240865B1D7074EA007E4E15 /* README.md in Sources */ = {isa = PBXBuildFile; fileRef = 2240863E1D7074EA007E4E15 /* README.md */; };
		2240865C1D7074EA007E4E15 /* AFAutoPurgingImageCache.m in Sources */ = {isa = PBXBuildFile; fileRef = 224086411D7074EA007E4E15 /* AFAutoPurgingImageCache.m */; };
		2240865D1D7074EA007E4E15 /* AFImageDownloader.m in Sources */ = {isa = PBXBuildFile; fileRef = 224086431D7074EA007E4E15 /* AFImageDownloader.m */; };
		2240865E1D7074EA007E4E15 /* AFNetworkActivityIndicatorManager.m in Sources */ = {isa = PBXBuildFile; fileRef = 224086451D7074EA007E4E15 /* AFNetworkActivityIndicatorManager.m */; };
		2240865F1D7074EA007E4E15 /* UIActivityIndicatorView+AFNetworking.m in Sources */ = {isa = PBXBuildFile; fileRef = 224086471D7074EA007E4E15 /* UIActivityIndicatorView+AFNetworking.m */; };
		224086601D7074EA007E4E15 /* UIButton+AFNetworking.m in Sources */ = {isa = PBXBuildFile; fileRef = 224086491D7074EA007E4E15 /* UIButton+AFNetworking.m */; };
		224086611D7074EA007E4E15 /* UIImageView+AFNetworking.m in Sources */ = {isa = PBXBuildFile; fileRef = 2240864C1D7074EA007E4E15 /* UIImageView+AFNetworking.m */; };
		224086621D7074EA007E4E15 /* UIProgressView+AFNetworking.m in Sources */ = {isa = PBXBuildFile; fileRef = 2240864F1D7074EA007E4E15 /* UIProgressView+AFNetworking.m */; };
		224086631D7074EA007E4E15 /* UIRefreshControl+AFNetworking.m in Sources */ = {isa = PBXBuildFile; fileRef = 224086511D7074EA007E4E15 /* UIRefreshControl+AFNetworking.m */; };
		224086641D7074EA007E4E15 /* UIWebView+AFNetworking.m in Sources */ = {isa = PBXBuildFile; fileRef = 224086531D7074EA007E4E15 /* UIWebView+AFNetworking.m */; };
		2240866E1D7074F5007E4E15 /* YYCache.m in Sources */ = {isa = PBXBuildFile; fileRef = 224086671D7074F5007E4E15 /* YYCache.m */; };
		2240866F1D7074F5007E4E15 /* YYDiskCache.m in Sources */ = {isa = PBXBuildFile; fileRef = 224086691D7074F5007E4E15 /* YYDiskCache.m */; };
		224086701D7074F5007E4E15 /* YYKVStorage.m in Sources */ = {isa = PBXBuildFile; fileRef = 2240866B1D7074F5007E4E15 /* YYKVStorage.m */; };
		224086711D7074F5007E4E15 /* YYMemoryCache.m in Sources */ = {isa = PBXBuildFile; fileRef = 2240866D1D7074F5007E4E15 /* YYMemoryCache.m */; };
		224086731D70759C007E4E15 /* libsqlite3.0.tbd in Frameworks */ = {isa = PBXBuildFile; fileRef = 224086721D70759C007E4E15 /* libsqlite3.0.tbd */; };
		22BEDC4B1D64B67100A72128 /* PPNetworkCache.m in Sources */ = {isa = PBXBuildFile; fileRef = 22BEDC481D64B67100A72128 /* PPNetworkCache.m */; };
		22BEDC4C1D64B67100A72128 /* PPNetworkHelper.m in Sources */ = {isa = PBXBuildFile; fileRef = 22BEDC4A1D64B67100A72128 /* PPNetworkHelper.m */; };
		35639C3F1E9B630C00FEA954 /* PPHTTPRequest.m in Sources */ = {isa = PBXBuildFile; fileRef = 35639C3E1E9B630C00FEA954 /* PPHTTPRequest.m */; };
/* End PBXBuildFile section */

/* Begin PBXContainerItemProxy section */
		22142E401D5E096E00EE2C40 /* PBXContainerItemProxy */ = {
			isa = PBXContainerItemProxy;
			containerPortal = 22142E1E1D5E096E00EE2C40 /* Project object */;
			proxyType = 1;
			remoteGlobalIDString = 22142E251D5E096E00EE2C40;
			remoteInfo = PPNetworkHelper;
		};
/* End PBXContainerItemProxy section */

/* Begin PBXFileReference section */
		22142E261D5E096E00EE2C40 /* PPNetworkHelper.app */ = {isa = PBXFileReference; explicitFileType = wrapper.application; includeInIndex = 0; path = PPNetworkHelper.app; sourceTree = BUILT_PRODUCTS_DIR; };
		22142E2A1D5E096E00EE2C40 /* main.m */ = {isa = PBXFileReference; lastKnownFileType = sourcecode.c.objc; path = main.m; sourceTree = "<group>"; };
		22142E2C1D5E096E00EE2C40 /* AppDelegate.h */ = {isa = PBXFileReference; lastKnownFileType = sourcecode.c.h; path = AppDelegate.h; sourceTree = "<group>"; };
		22142E2D1D5E096E00EE2C40 /* AppDelegate.m */ = {isa = PBXFileReference; lastKnownFileType = sourcecode.c.objc; path = AppDelegate.m; sourceTree = "<group>"; };
		22142E2F1D5E096E00EE2C40 /* ViewController.h */ = {isa = PBXFileReference; lastKnownFileType = sourcecode.c.h; path = ViewController.h; sourceTree = "<group>"; };
		22142E301D5E096E00EE2C40 /* ViewController.m */ = {isa = PBXFileReference; lastKnownFileType = sourcecode.c.objc; path = ViewController.m; sourceTree = "<group>"; };
		22142E331D5E096E00EE2C40 /* Base */ = {isa = PBXFileReference; lastKnownFileType = file.storyboard; name = Base; path = Base.lproj/Main.storyboard; sourceTree = "<group>"; };
		22142E351D5E096E00EE2C40 /* Assets.xcassets */ = {isa = PBXFileReference; lastKnownFileType = folder.assetcatalog; path = Assets.xcassets; sourceTree = "<group>"; };
		22142E381D5E096E00EE2C40 /* Base */ = {isa = PBXFileReference; lastKnownFileType = file.storyboard; name = Base; path = Base.lproj/LaunchScreen.storyboard; sourceTree = "<group>"; };
		22142E3A1D5E096E00EE2C40 /* Info.plist */ = {isa = PBXFileReference; lastKnownFileType = text.plist.xml; path = Info.plist; sourceTree = "<group>"; };
		22142E3F1D5E096E00EE2C40 /* PPNetworkHelperTests.xctest */ = {isa = PBXFileReference; explicitFileType = wrapper.cfbundle; includeInIndex = 0; path = PPNetworkHelperTests.xctest; sourceTree = BUILT_PRODUCTS_DIR; };
		22142E431D5E096E00EE2C40 /* PPNetworkHelperTests.m */ = {isa = PBXFileReference; lastKnownFileType = sourcecode.c.objc; path = PPNetworkHelperTests.m; sourceTree = "<group>"; };
		22142E451D5E096E00EE2C40 /* Info.plist */ = {isa = PBXFileReference; lastKnownFileType = text.plist.xml; path = Info.plist; sourceTree = "<group>"; };
		224086301D7074EA007E4E15 /* AFHTTPSessionManager.h */ = {isa = PBXFileReference; fileEncoding = 4; lastKnownFileType = sourcecode.c.h; path = AFHTTPSessionManager.h; sourceTree = "<group>"; };
		224086311D7074EA007E4E15 /* AFHTTPSessionManager.m */ = {isa = PBXFileReference; fileEncoding = 4; lastKnownFileType = sourcecode.c.objc; path = AFHTTPSessionManager.m; sourceTree = "<group>"; };
		224086321D7074EA007E4E15 /* AFNetworking.h */ = {isa = PBXFileReference; fileEncoding = 4; lastKnownFileType = sourcecode.c.h; path = AFNetworking.h; sourceTree = "<group>"; };
		224086331D7074EA007E4E15 /* AFNetworkReachabilityManager.h */ = {isa = PBXFileReference; fileEncoding = 4; lastKnownFileType = sourcecode.c.h; path = AFNetworkReachabilityManager.h; sourceTree = "<group>"; };
		224086341D7074EA007E4E15 /* AFNetworkReachabilityManager.m */ = {isa = PBXFileReference; fileEncoding = 4; lastKnownFileType = sourcecode.c.objc; path = AFNetworkReachabilityManager.m; sourceTree = "<group>"; };
		224086351D7074EA007E4E15 /* AFSecurityPolicy.h */ = {isa = PBXFileReference; fileEncoding = 4; lastKnownFileType = sourcecode.c.h; path = AFSecurityPolicy.h; sourceTree = "<group>"; };
		224086361D7074EA007E4E15 /* AFSecurityPolicy.m */ = {isa = PBXFileReference; fileEncoding = 4; lastKnownFileType = sourcecode.c.objc; path = AFSecurityPolicy.m; sourceTree = "<group>"; };
		224086371D7074EA007E4E15 /* AFURLRequestSerialization.h */ = {isa = PBXFileReference; fileEncoding = 4; lastKnownFileType = sourcecode.c.h; path = AFURLRequestSerialization.h; sourceTree = "<group>"; };
		224086381D7074EA007E4E15 /* AFURLRequestSerialization.m */ = {isa = PBXFileReference; fileEncoding = 4; lastKnownFileType = sourcecode.c.objc; path = AFURLRequestSerialization.m; sourceTree = "<group>"; };
		224086391D7074EA007E4E15 /* AFURLResponseSerialization.h */ = {isa = PBXFileReference; fileEncoding = 4; lastKnownFileType = sourcecode.c.h; path = AFURLResponseSerialization.h; sourceTree = "<group>"; };
		2240863A1D7074EA007E4E15 /* AFURLResponseSerialization.m */ = {isa = PBXFileReference; fileEncoding = 4; lastKnownFileType = sourcecode.c.objc; path = AFURLResponseSerialization.m; sourceTree = "<group>"; };
		2240863B1D7074EA007E4E15 /* AFURLSessionManager.h */ = {isa = PBXFileReference; fileEncoding = 4; lastKnownFileType = sourcecode.c.h; path = AFURLSessionManager.h; sourceTree = "<group>"; };
		2240863C1D7074EA007E4E15 /* AFURLSessionManager.m */ = {isa = PBXFileReference; fileEncoding = 4; lastKnownFileType = sourcecode.c.objc; path = AFURLSessionManager.m; sourceTree = "<group>"; };
		2240863D1D7074EA007E4E15 /* LICENSE */ = {isa = PBXFileReference; fileEncoding = 4; lastKnownFileType = text; path = LICENSE; sourceTree = "<group>"; };
		2240863E1D7074EA007E4E15 /* README.md */ = {isa = PBXFileReference; fileEncoding = 4; lastKnownFileType = net.daringfireball.markdown; path = README.md; sourceTree = "<group>"; };
		224086401D7074EA007E4E15 /* AFAutoPurgingImageCache.h */ = {isa = PBXFileReference; fileEncoding = 4; lastKnownFileType = sourcecode.c.h; path = AFAutoPurgingImageCache.h; sourceTree = "<group>"; };
		224086411D7074EA007E4E15 /* AFAutoPurgingImageCache.m */ = {isa = PBXFileReference; fileEncoding = 4; lastKnownFileType = sourcecode.c.objc; path = AFAutoPurgingImageCache.m; sourceTree = "<group>"; };
		224086421D7074EA007E4E15 /* AFImageDownloader.h */ = {isa = PBXFileReference; fileEncoding = 4; lastKnownFileType = sourcecode.c.h; path = AFImageDownloader.h; sourceTree = "<group>"; };
		224086431D7074EA007E4E15 /* AFImageDownloader.m */ = {isa = PBXFileReference; fileEncoding = 4; lastKnownFileType = sourcecode.c.objc; path = AFImageDownloader.m; sourceTree = "<group>"; };
		224086441D7074EA007E4E15 /* AFNetworkActivityIndicatorManager.h */ = {isa = PBXFileReference; fileEncoding = 4; lastKnownFileType = sourcecode.c.h; path = AFNetworkActivityIndicatorManager.h; sourceTree = "<group>"; };
		224086451D7074EA007E4E15 /* AFNetworkActivityIndicatorManager.m */ = {isa = PBXFileReference; fileEncoding = 4; lastKnownFileType = sourcecode.c.objc; path = AFNetworkActivityIndicatorManager.m; sourceTree = "<group>"; };
		224086461D7074EA007E4E15 /* UIActivityIndicatorView+AFNetworking.h */ = {isa = PBXFileReference; fileEncoding = 4; lastKnownFileType = sourcecode.c.h; path = "UIActivityIndicatorView+AFNetworking.h"; sourceTree = "<group>"; };
		224086471D7074EA007E4E15 /* UIActivityIndicatorView+AFNetworking.m */ = {isa = PBXFileReference; fileEncoding = 4; lastKnownFileType = sourcecode.c.objc; path = "UIActivityIndicatorView+AFNetworking.m"; sourceTree = "<group>"; };
		224086481D7074EA007E4E15 /* UIButton+AFNetworking.h */ = {isa = PBXFileReference; fileEncoding = 4; lastKnownFileType = sourcecode.c.h; path = "UIButton+AFNetworking.h"; sourceTree = "<group>"; };
		224086491D7074EA007E4E15 /* UIButton+AFNetworking.m */ = {isa = PBXFileReference; fileEncoding = 4; lastKnownFileType = sourcecode.c.objc; path = "UIButton+AFNetworking.m"; sourceTree = "<group>"; };
		2240864A1D7074EA007E4E15 /* UIImage+AFNetworking.h */ = {isa = PBXFileReference; fileEncoding = 4; lastKnownFileType = sourcecode.c.h; path = "UIImage+AFNetworking.h"; sourceTree = "<group>"; };
		2240864B1D7074EA007E4E15 /* UIImageView+AFNetworking.h */ = {isa = PBXFileReference; fileEncoding = 4; lastKnownFileType = sourcecode.c.h; path = "UIImageView+AFNetworking.h"; sourceTree = "<group>"; };
		2240864C1D7074EA007E4E15 /* UIImageView+AFNetworking.m */ = {isa = PBXFileReference; fileEncoding = 4; lastKnownFileType = sourcecode.c.objc; path = "UIImageView+AFNetworking.m"; sourceTree = "<group>"; };
		2240864D1D7074EA007E4E15 /* UIKit+AFNetworking.h */ = {isa = PBXFileReference; fileEncoding = 4; lastKnownFileType = sourcecode.c.h; path = "UIKit+AFNetworking.h"; sourceTree = "<group>"; };
		2240864E1D7074EA007E4E15 /* UIProgressView+AFNetworking.h */ = {isa = PBXFileReference; fileEncoding = 4; lastKnownFileType = sourcecode.c.h; path = "UIProgressView+AFNetworking.h"; sourceTree = "<group>"; };
		2240864F1D7074EA007E4E15 /* UIProgressView+AFNetworking.m */ = {isa = PBXFileReference; fileEncoding = 4; lastKnownFileType = sourcecode.c.objc; path = "UIProgressView+AFNetworking.m"; sourceTree = "<group>"; };
		224086501D7074EA007E4E15 /* UIRefreshControl+AFNetworking.h */ = {isa = PBXFileReference; fileEncoding = 4; lastKnownFileType = sourcecode.c.h; path = "UIRefreshControl+AFNetworking.h"; sourceTree = "<group>"; };
		224086511D7074EA007E4E15 /* UIRefreshControl+AFNetworking.m */ = {isa = PBXFileReference; fileEncoding = 4; lastKnownFileType = sourcecode.c.objc; path = "UIRefreshControl+AFNetworking.m"; sourceTree = "<group>"; };
		224086521D7074EA007E4E15 /* UIWebView+AFNetworking.h */ = {isa = PBXFileReference; fileEncoding = 4; lastKnownFileType = sourcecode.c.h; path = "UIWebView+AFNetworking.h"; sourceTree = "<group>"; };
		224086531D7074EA007E4E15 /* UIWebView+AFNetworking.m */ = {isa = PBXFileReference; fileEncoding = 4; lastKnownFileType = sourcecode.c.objc; path = "UIWebView+AFNetworking.m"; sourceTree = "<group>"; };
		224086661D7074F5007E4E15 /* YYCache.h */ = {isa = PBXFileReference; fileEncoding = 4; lastKnownFileType = sourcecode.c.h; path = YYCache.h; sourceTree = "<group>"; };
		224086671D7074F5007E4E15 /* YYCache.m */ = {isa = PBXFileReference; fileEncoding = 4; lastKnownFileType = sourcecode.c.objc; path = YYCache.m; sourceTree = "<group>"; };
		224086681D7074F5007E4E15 /* YYDiskCache.h */ = {isa = PBXFileReference; fileEncoding = 4; lastKnownFileType = sourcecode.c.h; path = YYDiskCache.h; sourceTree = "<group>"; };
		224086691D7074F5007E4E15 /* YYDiskCache.m */ = {isa = PBXFileReference; fileEncoding = 4; lastKnownFileType = sourcecode.c.objc; path = YYDiskCache.m; sourceTree = "<group>"; };
		2240866A1D7074F5007E4E15 /* YYKVStorage.h */ = {isa = PBXFileReference; fileEncoding = 4; lastKnownFileType = sourcecode.c.h; path = YYKVStorage.h; sourceTree = "<group>"; };
		2240866B1D7074F5007E4E15 /* YYKVStorage.m */ = {isa = PBXFileReference; fileEncoding = 4; lastKnownFileType = sourcecode.c.objc; path = YYKVStorage.m; sourceTree = "<group>"; };
		2240866C1D7074F5007E4E15 /* YYMemoryCache.h */ = {isa = PBXFileReference; fileEncoding = 4; lastKnownFileType = sourcecode.c.h; path = YYMemoryCache.h; sourceTree = "<group>"; };
		2240866D1D7074F5007E4E15 /* YYMemoryCache.m */ = {isa = PBXFileReference; fileEncoding = 4; lastKnownFileType = sourcecode.c.objc; path = YYMemoryCache.m; sourceTree = "<group>"; };
		224086721D70759C007E4E15 /* libsqlite3.0.tbd */ = {isa = PBXFileReference; lastKnownFileType = "sourcecode.text-based-dylib-definition"; name = libsqlite3.0.tbd; path = usr/lib/libsqlite3.0.tbd; sourceTree = SDKROOT; };
		22BEDC471D64B67100A72128 /* PPNetworkCache.h */ = {isa = PBXFileReference; fileEncoding = 4; lastKnownFileType = sourcecode.c.h; path = PPNetworkCache.h; sourceTree = "<group>"; };
		22BEDC481D64B67100A72128 /* PPNetworkCache.m */ = {isa = PBXFileReference; fileEncoding = 4; lastKnownFileType = sourcecode.c.objc; path = PPNetworkCache.m; sourceTree = "<group>"; };
		22BEDC491D64B67100A72128 /* PPNetworkHelper.h */ = {isa = PBXFileReference; fileEncoding = 4; lastKnownFileType = sourcecode.c.h; path = PPNetworkHelper.h; sourceTree = "<group>"; };
		22BEDC4A1D64B67100A72128 /* PPNetworkHelper.m */ = {isa = PBXFileReference; fileEncoding = 4; lastKnownFileType = sourcecode.c.objc; path = PPNetworkHelper.m; sourceTree = "<group>"; };
		35639C3A1E9B616200FEA954 /* PPInterfacedConst.h */ = {isa = PBXFileReference; fileEncoding = 4; lastKnownFileType = sourcecode.c.h; path = PPInterfacedConst.h; sourceTree = "<group>"; };
		35639C3D1E9B630C00FEA954 /* PPHTTPRequest.h */ = {isa = PBXFileReference; fileEncoding = 4; lastKnownFileType = sourcecode.c.h; path = PPHTTPRequest.h; sourceTree = "<group>"; };
		35639C3E1E9B630C00FEA954 /* PPHTTPRequest.m */ = {isa = PBXFileReference; fileEncoding = 4; lastKnownFileType = sourcecode.c.objc; path = PPHTTPRequest.m; sourceTree = "<group>"; };
/* End PBXFileReference section */

/* Begin PBXFrameworksBuildPhase section */
		22142E231D5E096E00EE2C40 /* Frameworks */ = {
			isa = PBXFrameworksBuildPhase;
			buildActionMask = 2147483647;
			files = (
				224086731D70759C007E4E15 /* libsqlite3.0.tbd in Frameworks */,
			);
			runOnlyForDeploymentPostprocessing = 0;
		};
		22142E3C1D5E096E00EE2C40 /* Frameworks */ = {
			isa = PBXFrameworksBuildPhase;
			buildActionMask = 2147483647;
			files = (
			);
			runOnlyForDeploymentPostprocessing = 0;
		};
/* End PBXFrameworksBuildPhase section */

/* Begin PBXGroup section */
		22142E1D1D5E096E00EE2C40 = {
			isa = PBXGroup;
			children = (
				22142E281D5E096E00EE2C40 /* PPNetworkHelper */,
				22142E421D5E096E00EE2C40 /* PPNetworkHelperTests */,
				22142E271D5E096E00EE2C40 /* Products */,
			);
			sourceTree = "<group>";
		};
		22142E271D5E096E00EE2C40 /* Products */ = {
			isa = PBXGroup;
			children = (
				22142E261D5E096E00EE2C40 /* PPNetworkHelper.app */,
				22142E3F1D5E096E00EE2C40 /* PPNetworkHelperTests.xctest */,
			);
			name = Products;
			sourceTree = "<group>";
		};
		22142E281D5E096E00EE2C40 /* PPNetworkHelper */ = {
			isa = PBXGroup;
			children = (
				2240862D1D7074CB007E4E15 /* vendor */,
				22BEDC461D64B67100A72128 /* PPNetworkHelper */,
				35639C401E9B634900FEA954 /* PPHTTPRequestLayer */,
				22142E2C1D5E096E00EE2C40 /* AppDelegate.h */,
				22142E2D1D5E096E00EE2C40 /* AppDelegate.m */,
				22142E2F1D5E096E00EE2C40 /* ViewController.h */,
				22142E301D5E096E00EE2C40 /* ViewController.m */,
				22142E291D5E096E00EE2C40 /* Supporting Files */,
			);
			path = PPNetworkHelper;
			sourceTree = "<group>";
		};
		22142E291D5E096E00EE2C40 /* Supporting Files */ = {
			isa = PBXGroup;
			children = (
				224086721D70759C007E4E15 /* libsqlite3.0.tbd */,
				22142E321D5E096E00EE2C40 /* Main.storyboard */,
				22142E351D5E096E00EE2C40 /* Assets.xcassets */,
				22142E371D5E096E00EE2C40 /* LaunchScreen.storyboard */,
				22142E3A1D5E096E00EE2C40 /* Info.plist */,
				22142E2A1D5E096E00EE2C40 /* main.m */,
			);
			name = "Supporting Files";
			sourceTree = "<group>";
		};
		22142E421D5E096E00EE2C40 /* PPNetworkHelperTests */ = {
			isa = PBXGroup;
			children = (
				22142E431D5E096E00EE2C40 /* PPNetworkHelperTests.m */,
				22142E451D5E096E00EE2C40 /* Info.plist */,
			);
			path = PPNetworkHelperTests;
			sourceTree = "<group>";
		};
		2240862D1D7074CB007E4E15 /* vendor */ = {
			isa = PBXGroup;
			children = (
				224086651D7074F5007E4E15 /* YYCache */,
				2240862E1D7074EA007E4E15 /* AFNetworking */,
			);
			name = vendor;
			sourceTree = "<group>";
		};
		2240862E1D7074EA007E4E15 /* AFNetworking */ = {
			isa = PBXGroup;
			children = (
				2240862F1D7074EA007E4E15 /* AFNetworking */,
				2240863D1D7074EA007E4E15 /* LICENSE */,
				2240863E1D7074EA007E4E15 /* README.md */,
				2240863F1D7074EA007E4E15 /* UIKit+AFNetworking */,
			);
			path = AFNetworking;
			sourceTree = "<group>";
		};
		2240862F1D7074EA007E4E15 /* AFNetworking */ = {
			isa = PBXGroup;
			children = (
				224086301D7074EA007E4E15 /* AFHTTPSessionManager.h */,
				224086311D7074EA007E4E15 /* AFHTTPSessionManager.m */,
				224086321D7074EA007E4E15 /* AFNetworking.h */,
				224086331D7074EA007E4E15 /* AFNetworkReachabilityManager.h */,
				224086341D7074EA007E4E15 /* AFNetworkReachabilityManager.m */,
				224086351D7074EA007E4E15 /* AFSecurityPolicy.h */,
				224086361D7074EA007E4E15 /* AFSecurityPolicy.m */,
				224086371D7074EA007E4E15 /* AFURLRequestSerialization.h */,
				224086381D7074EA007E4E15 /* AFURLRequestSerialization.m */,
				224086391D7074EA007E4E15 /* AFURLResponseSerialization.h */,
				2240863A1D7074EA007E4E15 /* AFURLResponseSerialization.m */,
				2240863B1D7074EA007E4E15 /* AFURLSessionManager.h */,
				2240863C1D7074EA007E4E15 /* AFURLSessionManager.m */,
			);
			path = AFNetworking;
			sourceTree = "<group>";
		};
		2240863F1D7074EA007E4E15 /* UIKit+AFNetworking */ = {
			isa = PBXGroup;
			children = (
				224086401D7074EA007E4E15 /* AFAutoPurgingImageCache.h */,
				224086411D7074EA007E4E15 /* AFAutoPurgingImageCache.m */,
				224086421D7074EA007E4E15 /* AFImageDownloader.h */,
				224086431D7074EA007E4E15 /* AFImageDownloader.m */,
				224086441D7074EA007E4E15 /* AFNetworkActivityIndicatorManager.h */,
				224086451D7074EA007E4E15 /* AFNetworkActivityIndicatorManager.m */,
				224086461D7074EA007E4E15 /* UIActivityIndicatorView+AFNetworking.h */,
				224086471D7074EA007E4E15 /* UIActivityIndicatorView+AFNetworking.m */,
				224086481D7074EA007E4E15 /* UIButton+AFNetworking.h */,
				224086491D7074EA007E4E15 /* UIButton+AFNetworking.m */,
				2240864A1D7074EA007E4E15 /* UIImage+AFNetworking.h */,
				2240864B1D7074EA007E4E15 /* UIImageView+AFNetworking.h */,
				2240864C1D7074EA007E4E15 /* UIImageView+AFNetworking.m */,
				2240864D1D7074EA007E4E15 /* UIKit+AFNetworking.h */,
				2240864E1D7074EA007E4E15 /* UIProgressView+AFNetworking.h */,
				2240864F1D7074EA007E4E15 /* UIProgressView+AFNetworking.m */,
				224086501D7074EA007E4E15 /* UIRefreshControl+AFNetworking.h */,
				224086511D7074EA007E4E15 /* UIRefreshControl+AFNetworking.m */,
				224086521D7074EA007E4E15 /* UIWebView+AFNetworking.h */,
				224086531D7074EA007E4E15 /* UIWebView+AFNetworking.m */,
			);
			path = "UIKit+AFNetworking";
			sourceTree = "<group>";
		};
		224086651D7074F5007E4E15 /* YYCache */ = {
			isa = PBXGroup;
			children = (
				224086661D7074F5007E4E15 /* YYCache.h */,
				224086671D7074F5007E4E15 /* YYCache.m */,
				224086681D7074F5007E4E15 /* YYDiskCache.h */,
				224086691D7074F5007E4E15 /* YYDiskCache.m */,
				2240866A1D7074F5007E4E15 /* YYKVStorage.h */,
				2240866B1D7074F5007E4E15 /* YYKVStorage.m */,
				2240866C1D7074F5007E4E15 /* YYMemoryCache.h */,
				2240866D1D7074F5007E4E15 /* YYMemoryCache.m */,
			);
			path = YYCache;
			sourceTree = "<group>";
		};
		22BEDC461D64B67100A72128 /* PPNetworkHelper */ = {
			isa = PBXGroup;
			children = (
				22BEDC491D64B67100A72128 /* PPNetworkHelper.h */,
				22BEDC4A1D64B67100A72128 /* PPNetworkHelper.m */,
				22BEDC471D64B67100A72128 /* PPNetworkCache.h */,
				22BEDC481D64B67100A72128 /* PPNetworkCache.m */,
			);
			path = PPNetworkHelper;
			sourceTree = "<group>";
		};
		35639C401E9B634900FEA954 /* PPHTTPRequestLayer */ = {
			isa = PBXGroup;
			children = (
				35639C3A1E9B616200FEA954 /* PPInterfacedConst.h */,
				35639C3D1E9B630C00FEA954 /* PPHTTPRequest.h */,
				35639C3E1E9B630C00FEA954 /* PPHTTPRequest.m */,
			);
			name = PPHTTPRequestLayer;
			sourceTree = "<group>";
		};
/* End PBXGroup section */

/* Begin PBXNativeTarget section */
		22142E251D5E096E00EE2C40 /* PPNetworkHelper */ = {
			isa = PBXNativeTarget;
			buildConfigurationList = 22142E481D5E096E00EE2C40 /* Build configuration list for PBXNativeTarget "PPNetworkHelper" */;
			buildPhases = (
				22142E221D5E096E00EE2C40 /* Sources */,
				22142E231D5E096E00EE2C40 /* Frameworks */,
				22142E241D5E096E00EE2C40 /* Resources */,
			);
			buildRules = (
			);
			dependencies = (
			);
			name = PPNetworkHelper;
			productName = PPNetworkHelper;
			productReference = 22142E261D5E096E00EE2C40 /* PPNetworkHelper.app */;
			productType = "com.apple.product-type.application";
		};
		22142E3E1D5E096E00EE2C40 /* PPNetworkHelperTests */ = {
			isa = PBXNativeTarget;
			buildConfigurationList = 22142E4B1D5E096E00EE2C40 /* Build configuration list for PBXNativeTarget "PPNetworkHelperTests" */;
			buildPhases = (
				22142E3B1D5E096E00EE2C40 /* Sources */,
				22142E3C1D5E096E00EE2C40 /* Frameworks */,
				22142E3D1D5E096E00EE2C40 /* Resources */,
			);
			buildRules = (
			);
			dependencies = (
				22142E411D5E096E00EE2C40 /* PBXTargetDependency */,
			);
			name = PPNetworkHelperTests;
			productName = PPNetworkHelperTests;
			productReference = 22142E3F1D5E096E00EE2C40 /* PPNetworkHelperTests.xctest */;
			productType = "com.apple.product-type.bundle.unit-test";
		};
/* End PBXNativeTarget section */

/* Begin PBXProject section */
		22142E1E1D5E096E00EE2C40 /* Project object */ = {
			isa = PBXProject;
			attributes = {
				LastUpgradeCheck = 0730;
				ORGANIZATIONNAME = AndyPang;
				TargetAttributes = {
					22142E251D5E096E00EE2C40 = {
						CreatedOnToolsVersion = 7.3.1;
						DevelopmentTeam = YY4NTQ7LN8;
					};
					22142E3E1D5E096E00EE2C40 = {
						CreatedOnToolsVersion = 7.3.1;
						TestTargetID = 22142E251D5E096E00EE2C40;
					};
				};
			};
			buildConfigurationList = 22142E211D5E096E00EE2C40 /* Build configuration list for PBXProject "PPNetworkHelper" */;
			compatibilityVersion = "Xcode 3.2";
			developmentRegion = English;
			hasScannedForEncodings = 0;
			knownRegions = (
				en,
				Base,
			);
			mainGroup = 22142E1D1D5E096E00EE2C40;
			productRefGroup = 22142E271D5E096E00EE2C40 /* Products */;
			projectDirPath = "";
			projectRoot = "";
			targets = (
				22142E251D5E096E00EE2C40 /* PPNetworkHelper */,
				22142E3E1D5E096E00EE2C40 /* PPNetworkHelperTests */,
			);
		};
/* End PBXProject section */

/* Begin PBXResourcesBuildPhase section */
		22142E241D5E096E00EE2C40 /* Resources */ = {
			isa = PBXResourcesBuildPhase;
			buildActionMask = 2147483647;
			files = (
				22142E391D5E096E00EE2C40 /* LaunchScreen.storyboard in Resources */,
				22142E361D5E096E00EE2C40 /* Assets.xcassets in Resources */,
				2240865A1D7074EA007E4E15 /* LICENSE in Resources */,
				22142E341D5E096E00EE2C40 /* Main.storyboard in Resources */,
			);
			runOnlyForDeploymentPostprocessing = 0;
		};
		22142E3D1D5E096E00EE2C40 /* Resources */ = {
			isa = PBXResourcesBuildPhase;
			buildActionMask = 2147483647;
			files = (
			);
			runOnlyForDeploymentPostprocessing = 0;
		};
/* End PBXResourcesBuildPhase section */

/* Begin PBXSourcesBuildPhase section */
		22142E221D5E096E00EE2C40 /* Sources */ = {
			isa = PBXSourcesBuildPhase;
			buildActionMask = 2147483647;
			files = (
				224086701D7074F5007E4E15 /* YYKVStorage.m in Sources */,
				224086621D7074EA007E4E15 /* UIProgressView+AFNetworking.m in Sources */,
				224086601D7074EA007E4E15 /* UIButton+AFNetworking.m in Sources */,
				2240866E1D7074F5007E4E15 /* YYCache.m in Sources */,
				224086631D7074EA007E4E15 /* UIRefreshControl+AFNetworking.m in Sources */,
				224086571D7074EA007E4E15 /* AFURLRequestSerialization.m in Sources */,
				2240866F1D7074F5007E4E15 /* YYDiskCache.m in Sources */,
				22142E311D5E096E00EE2C40 /* ViewController.m in Sources */,
				22BEDC4C1D64B67100A72128 /* PPNetworkHelper.m in Sources */,
				22BEDC4B1D64B67100A72128 /* PPNetworkCache.m in Sources */,
				224086591D7074EA007E4E15 /* AFURLSessionManager.m in Sources */,
				224086581D7074EA007E4E15 /* AFURLResponseSerialization.m in Sources */,
				224086611D7074EA007E4E15 /* UIImageView+AFNetworking.m in Sources */,
				224086711D7074F5007E4E15 /* YYMemoryCache.m in Sources */,
				2240865B1D7074EA007E4E15 /* README.md in Sources */,
				224086551D7074EA007E4E15 /* AFNetworkReachabilityManager.m in Sources */,
				2240865C1D7074EA007E4E15 /* AFAutoPurgingImageCache.m in Sources */,
				224086561D7074EA007E4E15 /* AFSecurityPolicy.m in Sources */,
				224086541D7074EA007E4E15 /* AFHTTPSessionManager.m in Sources */,
				35639C3F1E9B630C00FEA954 /* PPHTTPRequest.m in Sources */,
				2240865D1D7074EA007E4E15 /* AFImageDownloader.m in Sources */,
				22142E2E1D5E096E00EE2C40 /* AppDelegate.m in Sources */,
				224086641D7074EA007E4E15 /* UIWebView+AFNetworking.m in Sources */,
				22142E2B1D5E096E00EE2C40 /* main.m in Sources */,
				2240865F1D7074EA007E4E15 /* UIActivityIndicatorView+AFNetworking.m in Sources */,
				2240865E1D7074EA007E4E15 /* AFNetworkActivityIndicatorManager.m in Sources */,
			);
			runOnlyForDeploymentPostprocessing = 0;
		};
		22142E3B1D5E096E00EE2C40 /* Sources */ = {
			isa = PBXSourcesBuildPhase;
			buildActionMask = 2147483647;
			files = (
				22142E441D5E096E00EE2C40 /* PPNetworkHelperTests.m in Sources */,
			);
			runOnlyForDeploymentPostprocessing = 0;
		};
/* End PBXSourcesBuildPhase section */

/* Begin PBXTargetDependency section */
		22142E411D5E096E00EE2C40 /* PBXTargetDependency */ = {
			isa = PBXTargetDependency;
			target = 22142E251D5E096E00EE2C40 /* PPNetworkHelper */;
			targetProxy = 22142E401D5E096E00EE2C40 /* PBXContainerItemProxy */;
		};
/* End PBXTargetDependency section */

/* Begin PBXVariantGroup section */
		22142E321D5E096E00EE2C40 /* Main.storyboard */ = {
			isa = PBXVariantGroup;
			children = (
				22142E331D5E096E00EE2C40 /* Base */,
			);
			name = Main.storyboard;
			sourceTree = "<group>";
		};
		22142E371D5E096E00EE2C40 /* LaunchScreen.storyboard */ = {
			isa = PBXVariantGroup;
			children = (
				22142E381D5E096E00EE2C40 /* Base */,
			);
			name = LaunchScreen.storyboard;
			sourceTree = "<group>";
		};
/* End PBXVariantGroup section */

/* Begin XCBuildConfiguration section */
		22142E461D5E096E00EE2C40 /* Debug */ = {
			isa = XCBuildConfiguration;
			buildSettings = {
				ALWAYS_SEARCH_USER_PATHS = NO;
				CLANG_ANALYZER_NONNULL = YES;
				CLANG_CXX_LANGUAGE_STANDARD = "gnu++0x";
				CLANG_CXX_LIBRARY = "libc++";
				CLANG_ENABLE_MODULES = YES;
				CLANG_ENABLE_OBJC_ARC = YES;
				CLANG_WARN_BOOL_CONVERSION = YES;
				CLANG_WARN_CONSTANT_CONVERSION = YES;
				CLANG_WARN_DIRECT_OBJC_ISA_USAGE = YES_ERROR;
				CLANG_WARN_EMPTY_BODY = YES;
				CLANG_WARN_ENUM_CONVERSION = YES;
				CLANG_WARN_INT_CONVERSION = YES;
				CLANG_WARN_OBJC_ROOT_CLASS = YES_ERROR;
				CLANG_WARN_UNREACHABLE_CODE = YES;
				CLANG_WARN__DUPLICATE_METHOD_MATCH = YES;
				"CODE_SIGN_IDENTITY[sdk=iphoneos*]" = "iPhone Developer";
				COPY_PHASE_STRIP = NO;
				DEBUG_INFORMATION_FORMAT = dwarf;
				ENABLE_STRICT_OBJC_MSGSEND = YES;
				ENABLE_TESTABILITY = YES;
				GCC_C_LANGUAGE_STANDARD = gnu99;
				GCC_DYNAMIC_NO_PIC = NO;
				GCC_NO_COMMON_BLOCKS = YES;
				GCC_OPTIMIZATION_LEVEL = 0;
				GCC_PREPROCESSOR_DEFINITIONS = (
					"DEBUG=1",
					"$(inherited)",
				);
				GCC_WARN_64_TO_32_BIT_CONVERSION = YES;
				GCC_WARN_ABOUT_RETURN_TYPE = YES_ERROR;
				GCC_WARN_UNDECLARED_SELECTOR = YES;
				GCC_WARN_UNINITIALIZED_AUTOS = YES_AGGRESSIVE;
				GCC_WARN_UNUSED_FUNCTION = YES;
				GCC_WARN_UNUSED_VARIABLE = YES;
				IPHONEOS_DEPLOYMENT_TARGET = 9.3;
				MTL_ENABLE_DEBUG_INFO = YES;
				ONLY_ACTIVE_ARCH = YES;
				SDKROOT = iphoneos;
				TARGETED_DEVICE_FAMILY = "1,2";
			};
			name = Debug;
		};
		22142E471D5E096E00EE2C40 /* Release */ = {
			isa = XCBuildConfiguration;
			buildSettings = {
				ALWAYS_SEARCH_USER_PATHS = NO;
				CLANG_ANALYZER_NONNULL = YES;
				CLANG_CXX_LANGUAGE_STANDARD = "gnu++0x";
				CLANG_CXX_LIBRARY = "libc++";
				CLANG_ENABLE_MODULES = YES;
				CLANG_ENABLE_OBJC_ARC = YES;
				CLANG_WARN_BOOL_CONVERSION = YES;
				CLANG_WARN_CONSTANT_CONVERSION = YES;
				CLANG_WARN_DIRECT_OBJC_ISA_USAGE = YES_ERROR;
				CLANG_WARN_EMPTY_BODY = YES;
				CLANG_WARN_ENUM_CONVERSION = YES;
				CLANG_WARN_INT_CONVERSION = YES;
				CLANG_WARN_OBJC_ROOT_CLASS = YES_ERROR;
				CLANG_WARN_UNREACHABLE_CODE = YES;
				CLANG_WARN__DUPLICATE_METHOD_MATCH = YES;
				"CODE_SIGN_IDENTITY[sdk=iphoneos*]" = "iPhone Developer";
				COPY_PHASE_STRIP = NO;
				DEBUG_INFORMATION_FORMAT = "dwarf-with-dsym";
				ENABLE_NS_ASSERTIONS = NO;
				ENABLE_STRICT_OBJC_MSGSEND = YES;
				GCC_C_LANGUAGE_STANDARD = gnu99;
				GCC_NO_COMMON_BLOCKS = YES;
				GCC_WARN_64_TO_32_BIT_CONVERSION = YES;
				GCC_WARN_ABOUT_RETURN_TYPE = YES_ERROR;
				GCC_WARN_UNDECLARED_SELECTOR = YES;
				GCC_WARN_UNINITIALIZED_AUTOS = YES_AGGRESSIVE;
				GCC_WARN_UNUSED_FUNCTION = YES;
				GCC_WARN_UNUSED_VARIABLE = YES;
				IPHONEOS_DEPLOYMENT_TARGET = 9.3;
				MTL_ENABLE_DEBUG_INFO = NO;
				SDKROOT = iphoneos;
				TARGETED_DEVICE_FAMILY = "1,2";
				VALIDATE_PRODUCT = YES;
			};
			name = Release;
		};
		22142E491D5E096E00EE2C40 /* Debug */ = {
			isa = XCBuildConfiguration;
			buildSettings = {
				ASSETCATALOG_COMPILER_APPICON_NAME = AppIcon;
				CODE_SIGN_IDENTITY = "iPhone Developer";
				"CODE_SIGN_IDENTITY[sdk=iphoneos*]" = "iPhone Developer";
				DEVELOPMENT_TEAM = YY4NTQ7LN8;
				INFOPLIST_FILE = PPNetworkHelper/Info.plist;
				IPHONEOS_DEPLOYMENT_TARGET = 7.0;
				LD_RUNPATH_SEARCH_PATHS = "$(inherited) @executable_path/Frameworks";
				PRODUCT_BUNDLE_IDENTIFIER = com.jkpang.PPNetworkHelper;
				PRODUCT_NAME = "$(TARGET_NAME)";
				PROVISIONING_PROFILE = "";
			};
			name = Debug;
		};
		22142E4A1D5E096E00EE2C40 /* Release */ = {
			isa = XCBuildConfiguration;
			buildSettings = {
				ASSETCATALOG_COMPILER_APPICON_NAME = AppIcon;
				CODE_SIGN_IDENTITY = "iPhone Developer";
				"CODE_SIGN_IDENTITY[sdk=iphoneos*]" = "iPhone Developer";
				DEVELOPMENT_TEAM = YY4NTQ7LN8;
				INFOPLIST_FILE = PPNetworkHelper/Info.plist;
				IPHONEOS_DEPLOYMENT_TARGET = 7.0;
				LD_RUNPATH_SEARCH_PATHS = "$(inherited) @executable_path/Frameworks";
				PRODUCT_BUNDLE_IDENTIFIER = com.jkpang.PPNetworkHelper;
				PRODUCT_NAME = "$(TARGET_NAME)";
				PROVISIONING_PROFILE = "";
			};
			name = Release;
		};
		22142E4C1D5E096E00EE2C40 /* Debug */ = {
			isa = XCBuildConfiguration;
			buildSettings = {
				BUNDLE_LOADER = "$(TEST_HOST)";
				INFOPLIST_FILE = PPNetworkHelperTests/Info.plist;
				LD_RUNPATH_SEARCH_PATHS = "$(inherited) @executable_path/Frameworks @loader_path/Frameworks";
				PRODUCT_BUNDLE_IDENTIFIER = com.jkpang.PPNetworkHelperTests;
				PRODUCT_NAME = "$(TARGET_NAME)";
				TEST_HOST = "$(BUILT_PRODUCTS_DIR)/PPNetworkHelper.app/PPNetworkHelper";
			};
			name = Debug;
		};
		22142E4D1D5E096E00EE2C40 /* Release */ = {
			isa = XCBuildConfiguration;
			buildSettings = {
				BUNDLE_LOADER = "$(TEST_HOST)";
				INFOPLIST_FILE = PPNetworkHelperTests/Info.plist;
				LD_RUNPATH_SEARCH_PATHS = "$(inherited) @executable_path/Frameworks @loader_path/Frameworks";
				PRODUCT_BUNDLE_IDENTIFIER = com.jkpang.PPNetworkHelperTests;
				PRODUCT_NAME = "$(TARGET_NAME)";
				TEST_HOST = "$(BUILT_PRODUCTS_DIR)/PPNetworkHelper.app/PPNetworkHelper";
			};
			name = Release;
		};
/* End XCBuildConfiguration section */

/* Begin XCConfigurationList section */
		22142E211D5E096E00EE2C40 /* Build configuration list for PBXProject "PPNetworkHelper" */ = {
			isa = XCConfigurationList;
			buildConfigurations = (
				22142E461D5E096E00EE2C40 /* Debug */,
				22142E471D5E096E00EE2C40 /* Release */,
			);
			defaultConfigurationIsVisible = 0;
			defaultConfigurationName = Release;
		};
		22142E481D5E096E00EE2C40 /* Build configuration list for PBXNativeTarget "PPNetworkHelper" */ = {
			isa = XCConfigurationList;
			buildConfigurations = (
				22142E491D5E096E00EE2C40 /* Debug */,
				22142E4A1D5E096E00EE2C40 /* Release */,
			);
			defaultConfigurationIsVisible = 0;
			defaultConfigurationName = Release;
		};
		22142E4B1D5E096E00EE2C40 /* Build configuration list for PBXNativeTarget "PPNetworkHelperTests" */ = {
			isa = XCConfigurationList;
			buildConfigurations = (
				22142E4C1D5E096E00EE2C40 /* Debug */,
				22142E4D1D5E096E00EE2C40 /* Release */,
			);
			defaultConfigurationIsVisible = 0;
			defaultConfigurationName = Release;
		};
/* End XCConfigurationList section */
	};
	rootObject = 22142E1E1D5E096E00EE2C40 /* Project object */;
}
